
Microsoft Visual Studio Solution File, Format Version 12.00
# Visual Studio Version 16
VisualStudioVersion = 16.0.31727.386
MinimumVisualStudioVersion = 10.0.40219.1
Project("{9A19103F-16F7-4668-BE54-9A1E7A4F7556}") = "BitwiseToShortcutAnalyzer", "BitwiseToShortcutAnalyzer\BitwiseToShortcutAnalyzer\BitwiseToShortcutAnalyzer.csproj", "{15E988CD-9984-4163-941A-29949743446D}"
EndProject
Project("{9A19103F-16F7-4668-BE54-9A1E7A4F7556}") = "BitwiseToShortcutAnalyzer.CodeFixes", "BitwiseToShortcutAnalyzer\BitwiseToShortcutAnalyzer.CodeFixes\BitwiseToShortcutAnalyzer.CodeFixes.csproj", "{51385B84-0549-4DE0-A9CD-A8CD7B143300}"
EndProject
Project("{9A19103F-16F7-4668-BE54-9A1E7A4F7556}") = "BitwiseToShortcutAnalyzer.Package", "BitwiseToShortcutAnalyzer\BitwiseToShortcutAnalyzer.Package\BitwiseToShortcutAnalyzer.Package.csproj", "{04A418B4-2A86-4743-8308-937DEEB543DB}"
EndProject
Project("{9A19103F-16F7-4668-BE54-9A1E7A4F7556}") = "BitwiseToShortcutAnalyzer.Vsix", "BitwiseToShortcutAnalyzer\BitwiseToShortcutAnalyzer.Vsix\BitwiseToShortcutAnalyzer.Vsix.csproj", "{BB0FFA64-8921-47B0-A7AF-4462D4077121}"
EndProject
Global
	GlobalSection(SolutionConfigurationPlatforms) = preSolution
		Debug|Any CPU = Debug|Any CPU
		Release|Any CPU = Release|Any CPU
	EndGlobalSection
	GlobalSection(ProjectConfigurationPlatforms) = postSolution
		{15E988CD-9984-4163-941A-29949743446D}.Debug|Any CPU.ActiveCfg = Debug|Any CPU
		{15E988CD-9984-4163-941A-29949743446D}.Debug|Any CPU.Build.0 = Debug|Any CPU
		{15E988CD-9984-4163-941A-29949743446D}.Release|Any CPU.ActiveCfg = Release|Any CPU
		{15E988CD-9984-4163-941A-29949743446D}.Release|Any CPU.Build.0 = Release|Any CPU
		{51385B84-0549-4DE0-A9CD-A8CD7B143300}.Debug|Any CPU.ActiveCfg = Debug|Any CPU
		{51385B84-0549-4DE0-A9CD-A8CD7B143300}.Debug|Any CPU.Build.0 = Debug|Any CPU
		{51385B84-0549-4DE0-A9CD-A8CD7B143300}.Release|Any CPU.ActiveCfg = Release|Any CPU
		{51385B84-0549-4DE0-A9CD-A8CD7B143300}.Release|Any CPU.Build.0 = Release|Any CPU
		{04A418B4-2A86-4743-8308-937DEEB543DB}.Debug|Any CPU.ActiveCfg = Debug|Any CPU
		{04A418B4-2A86-4743-8308-937DEEB543DB}.Debug|Any CPU.Build.0 = Debug|Any CPU
		{04A418B4-2A86-4743-8308-937DEEB543DB}.Release|Any CPU.ActiveCfg = Release|Any CPU
		{04A418B4-2A86-4743-8308-937DEEB543DB}.Release|Any CPU.Build.0 = Release|Any CPU
		{BB0FFA64-8921-47B0-A7AF-4462D4077121}.Debug|Any CPU.ActiveCfg = Debug|Any CPU
		{BB0FFA64-8921-47B0-A7AF-4462D4077121}.Debug|Any CPU.Build.0 = Debug|Any CPU
		{BB0FFA64-8921-47B0-A7AF-4462D4077121}.Release|Any CPU.ActiveCfg = Release|Any CPU
		{BB0FFA64-8921-47B0-A7AF-4462D4077121}.Release|Any CPU.Build.0 = Release|Any CPU
	EndGlobalSection
	GlobalSection(SolutionProperties) = preSolution
		HideSolutionNode = FALSE
	EndGlobalSection
	GlobalSection(ExtensibilityGlobals) = postSolution
		SolutionGuid = {376FC372-8488-4C33-94E4-CC02694A3181}
	EndGlobalSection
EndGlobal
